
Microsoft Visual Studio Solution File, Format Version 12.00
# Visual Studio Version 16
VisualStudioVersion = 16.0.29728.190
MinimumVisualStudioVersion = 10.0.40219.1
Project("{FAE04EC0-301F-11D3-BF4B-00C04F79EFBC}") = "DateChecker", "DateChecker.csproj", "{C7D92940-1F90-419E-BFC0-D5C65752897D}"
EndProject
Global
	GlobalSection(SolutionConfigurationPlatforms) = preSolution
		Debug|Any CPU = Debug|Any CPU
		Release|Any CPU = Release|Any CPU
	EndGlobalSection
	GlobalSection(ProjectConfigurationPlatforms) = postSolution
		{C7D92940-1F90-419E-BFC0-D5C65752897D}.Debug|Any CPU.ActiveCfg = Debug|Any CPU
		{C7D92940-1F90-419E-BFC0-D5C65752897D}.Debug|Any CPU.Build.0 = Debug|Any CPU
		{C7D92940-1F90-419E-BFC0-D5C65752897D}.Release|Any CPU.ActiveCfg = Release|Any CPU
		{C7D92940-1F90-419E-BFC0-D5C65752897D}.Release|Any CPU.Build.0 = Release|Any CPU
	EndGlobalSection
	GlobalSection(SolutionProperties) = preSolution
		HideSolutionNode = FALSE
	EndGlobalSection
	GlobalSection(ExtensibilityGlobals) = postSolution
		SolutionGuid = {B3DCE5C8-8A4A-4AE9-8D98-9996CB854519}
	EndGlobalSection
EndGlobal
